
Microsoft Visual Studio Solution File, Format Version 12.00
# Visual Studio Version 17
VisualStudioVersion = 17.1.32328.378
MinimumVisualStudioVersion = 10.0.40219.1
Project("{FAE04EC0-301F-11D3-BF4B-00C04F79EFBC}") = "toletwebapp", "toletwebapp.csproj", "{874E8946-A9F8-40EC-B986-AB056DDF009C}"
EndProject
Global
	GlobalSection(SolutionConfigurationPlatforms) = preSolution
		Debug|Any CPU = Debug|Any CPU
		Release|Any CPU = Release|Any CPU
	EndGlobalSection
	GlobalSection(ProjectConfigurationPlatforms) = postSolution
		{874E8946-A9F8-40EC-B986-AB056DDF009C}.Debug|Any CPU.ActiveCfg = Debug|Any CPU
		{874E8946-A9F8-40EC-B986-AB056DDF009C}.Debug|Any CPU.Build.0 = Debug|Any CPU
		{874E8946-A9F8-40EC-B986-AB056DDF009C}.Release|Any CPU.ActiveCfg = Release|Any CPU
		{874E8946-A9F8-40EC-B986-AB056DDF009C}.Release|Any CPU.Build.0 = Release|Any CPU
	EndGlobalSection
	GlobalSection(SolutionProperties) = preSolution
		HideSolutionNode = FALSE
	EndGlobalSection
	GlobalSection(ExtensibilityGlobals) = postSolution
		SolutionGuid = {DE84EDC5-5F04-44AC-84B3-9A7ED79B52A0}
	EndGlobalSection
EndGlobal
